// !$*UTF8*$!
{
	archiveVersion = 1;
	classes = {
	};
	objectVersion = 77;
	objects = {

/* Begin PBXBuildFile section */
		41F1B9A72CB05F0B003D97F4 /* FirebaseAnalytics in Frameworks */ = {isa = PBXBuildFile; productRef = 41F1B9A62CB05F0B003D97F4 /* FirebaseAnalytics */; };
		41F1B9A92CB05F0B003D97F4 /* FirebaseAnalyticsOnDeviceConversion in Frameworks */ = {isa = PBXBuildFile; productRef = 41F1B9A82CB05F0B003D97F4 /* FirebaseAnalyticsOnDeviceConversion */; };
		41F1B9AB2CB05F0B003D97F4 /* FirebaseAnalyticsWithoutAdIdSupport in Frameworks */ = {isa = PBXBuildFile; productRef = 41F1B9AA2CB05F0B003D97F4 /* FirebaseAnalyticsWithoutAdIdSupport */; };
		41F1B9AD2CB05F0B003D97F4 /* FirebaseAppCheck in Frameworks */ = {isa = PBXBuildFile; productRef = 41F1B9AC2CB05F0B003D97F4 /* FirebaseAppCheck */; };
		41F1B9AF2CB05F0B003D97F4 /* FirebaseAuth in Frameworks */ = {isa = PBXBuildFile; productRef = 41F1B9AE2CB05F0B003D97F4 /* FirebaseAuth */; };
		41F1B9B12CB05F0B003D97F4 /* FirebaseAuthCombine-Community in Frameworks */ = {isa = PBXBuildFile; productRef = 41F1B9B02CB05F0B003D97F4 /* FirebaseAuthCombine-Community */; };
		41F1B9B32CB05F0B003D97F4 /* FirebaseCore in Frameworks */ = {isa = PBXBuildFile; productRef = 41F1B9B22CB05F0B003D97F4 /* FirebaseCore */; };
		41F1B9B52CB05F0B003D97F4 /* FirebaseFirestore in Frameworks */ = {isa = PBXBuildFile; productRef = 41F1B9B42CB05F0B003D97F4 /* FirebaseFirestore */; };
		41F1B9B72CB05F0B003D97F4 /* FirebaseFirestoreCombine-Community in Frameworks */ = {isa = PBXBuildFile; productRef = 41F1B9B62CB05F0B003D97F4 /* FirebaseFirestoreCombine-Community */; };
		41F1B9B92CB05F0B003D97F4 /* FirebaseStorage in Frameworks */ = {isa = PBXBuildFile; productRef = 41F1B9B82CB05F0B003D97F4 /* FirebaseStorage */; };
		41F1B9BB2CB05F0B003D97F4 /* FirebaseStorageCombine-Community in Frameworks */ = {isa = PBXBuildFile; productRef = 41F1B9BA2CB05F0B003D97F4 /* FirebaseStorageCombine-Community */; };
/* End PBXBuildFile section */

/* Begin PBXContainerItemProxy section */
		41F1B8E42CB05D43003D97F4 /* PBXContainerItemProxy */ = {
			isa = PBXContainerItemProxy;
			containerPortal = 41F1B8CB2CB05D42003D97F4 /* Project object */;
			proxyType = 1;
			remoteGlobalIDString = 41F1B8D22CB05D42003D97F4;
			remoteInfo = DysKid;
		};
		41F1B8EE2CB05D43003D97F4 /* PBXContainerItemProxy */ = {
			isa = PBXContainerItemProxy;
			containerPortal = 41F1B8CB2CB05D42003D97F4 /* Project object */;
			proxyType = 1;
			remoteGlobalIDString = 41F1B8D22CB05D42003D97F4;
			remoteInfo = DysKid;
		};
/* End PBXContainerItemProxy section */

/* Begin PBXFileReference section */
		41F1B8D32CB05D42003D97F4 /* DysKid.app */ = {isa = PBXFileReference; explicitFileType = wrapper.application; includeInIndex = 0; path = DysKid.app; sourceTree = BUILT_PRODUCTS_DIR; };
		41F1B8E32CB05D43003D97F4 /* DysKidTests.xctest */ = {isa = PBXFileReference; explicitFileType = wrapper.cfbundle; includeInIndex = 0; path = DysKidTests.xctest; sourceTree = BUILT_PRODUCTS_DIR; };
		41F1B8ED2CB05D43003D97F4 /* DysKidUITests.xctest */ = {isa = PBXFileReference; explicitFileType = wrapper.cfbundle; includeInIndex = 0; path = DysKidUITests.xctest; sourceTree = BUILT_PRODUCTS_DIR; };
/* End PBXFileReference section */

/* Begin PBXFileSystemSynchronizedBuildFileExceptionSet section */
		41F1B9BF2CB05F6B003D97F4 /* Exceptions for "DysKid" folder in "DysKid" target */ = {
			isa = PBXFileSystemSynchronizedBuildFileExceptionSet;
			membershipExceptions = (
				Info.plist,
			);
			target = 41F1B8D22CB05D42003D97F4 /* DysKid */;
		};
/* End PBXFileSystemSynchronizedBuildFileExceptionSet section */

/* Begin PBXFileSystemSynchronizedRootGroup section */
		41F1B8D52CB05D42003D97F4 /* DysKid */ = {
			isa = PBXFileSystemSynchronizedRootGroup;
			exceptions = (
				41F1B9BF2CB05F6B003D97F4 /* Exceptions for "DysKid" folder in "DysKid" target */,
			);
			path = DysKid;
			sourceTree = "<group>";
		};
		41F1B8E62CB05D43003D97F4 /* DysKidTests */ = {
			isa = PBXFileSystemSynchronizedRootGroup;
			path = DysKidTests;
			sourceTree = "<group>";
		};
		41F1B8F02CB05D43003D97F4 /* DysKidUITests */ = {
			isa = PBXFileSystemSynchronizedRootGroup;
			path = DysKidUITests;
			sourceTree = "<group>";
		};
/* End PBXFileSystemSynchronizedRootGroup section */

/* Begin PBXFrameworksBuildPhase section */
		41F1B8D02CB05D42003D97F4 /* Frameworks */ = {
			isa = PBXFrameworksBuildPhase;
			buildActionMask = 2147483647;
			files = (
				41F1B9BB2CB05F0B003D97F4 /* FirebaseStorageCombine-Community in Frameworks */,
				41F1B9AD2CB05F0B003D97F4 /* FirebaseAppCheck in Frameworks */,
				41F1B9B12CB05F0B003D97F4 /* FirebaseAuthCombine-Community in Frameworks */,
				41F1B9AF2CB05F0B003D97F4 /* FirebaseAuth in Frameworks */,
				41F1B9B92CB05F0B003D97F4 /* FirebaseStorage in Frameworks */,
				41F1B9B72CB05F0B003D97F4 /* FirebaseFirestoreCombine-Community in Frameworks */,
				41F1B9A72CB05F0B003D97F4 /* FirebaseAnalytics in Frameworks */,
				41F1B9B32CB05F0B003D97F4 /* FirebaseCore in Frameworks */,
				41F1B9B52CB05F0B003D97F4 /* FirebaseFirestore in Frameworks */,
				41F1B9AB2CB05F0B003D97F4 /* FirebaseAnalyticsWithoutAdIdSupport in Frameworks */,
				41F1B9A92CB05F0B003D97F4 /* FirebaseAnalyticsOnDeviceConversion in Frameworks */,
			);
			runOnlyForDeploymentPostprocessing = 0;
		};
		41F1B8E02CB05D43003D97F4 /* Frameworks */ = {
			isa = PBXFrameworksBuildPhase;
			buildActionMask = 2147483647;
			files = (
			);
			runOnlyForDeploymentPostprocessing = 0;
		};
		41F1B8EA2CB05D43003D97F4 /* Frameworks */ = {
			isa = PBXFrameworksBuildPhase;
			buildActionMask = 2147483647;
			files = (
			);
			runOnlyForDeploymentPostprocessing = 0;
		};
/* End PBXFrameworksBuildPhase section */

/* Begin PBXGroup section */
		41F1B8CA2CB05D42003D97F4 = {
			isa = PBXGroup;
			children = (
				41F1B8D52CB05D42003D97F4 /* DysKid */,
				41F1B8E62CB05D43003D97F4 /* DysKidTests */,
				41F1B8F02CB05D43003D97F4 /* DysKidUITests */,
				41F1B8D42CB05D42003D97F4 /* Products */,
			);
			sourceTree = "<group>";
		};
		41F1B8D42CB05D42003D97F4 /* Products */ = {
			isa = PBXGroup;
			children = (
				41F1B8D32CB05D42003D97F4 /* DysKid.app */,
				41F1B8E32CB05D43003D97F4 /* DysKidTests.xctest */,
				41F1B8ED2CB05D43003D97F4 /* DysKidUITests.xctest */,
			);
			name = Products;
			sourceTree = "<group>";
		};
/* End PBXGroup section */

/* Begin PBXNativeTarget section */
		41F1B8D22CB05D42003D97F4 /* DysKid */ = {
			isa = PBXNativeTarget;
			buildConfigurationList = 41F1B8F72CB05D43003D97F4 /* Build configuration list for PBXNativeTarget "DysKid" */;
			buildPhases = (
				41F1B8CF2CB05D42003D97F4 /* Sources */,
				41F1B8D02CB05D42003D97F4 /* Frameworks */,
				41F1B8D12CB05D42003D97F4 /* Resources */,
			);
			buildRules = (
			);
			dependencies = (
			);
			fileSystemSynchronizedGroups = (
				41F1B8D52CB05D42003D97F4 /* DysKid */,
			);
			name = DysKid;
			packageProductDependencies = (
				41F1B9A62CB05F0B003D97F4 /* FirebaseAnalytics */,
				41F1B9A82CB05F0B003D97F4 /* FirebaseAnalyticsOnDeviceConversion */,
				41F1B9AA2CB05F0B003D97F4 /* FirebaseAnalyticsWithoutAdIdSupport */,
				41F1B9AC2CB05F0B003D97F4 /* FirebaseAppCheck */,
				41F1B9AE2CB05F0B003D97F4 /* FirebaseAuth */,
				41F1B9B02CB05F0B003D97F4 /* FirebaseAuthCombine-Community */,
				41F1B9B22CB05F0B003D97F4 /* FirebaseCore */,
				41F1B9B42CB05F0B003D97F4 /* FirebaseFirestore */,
				41F1B9B62CB05F0B003D97F4 /* FirebaseFirestoreCombine-Community */,
				41F1B9B82CB05F0B003D97F4 /* FirebaseStorage */,
				41F1B9BA2CB05F0B003D97F4 /* FirebaseStorageCombine-Community */,
			);
			productName = DysKid;
			productReference = 41F1B8D32CB05D42003D97F4 /* DysKid.app */;
			productType = "com.apple.product-type.application";
		};
		41F1B8E22CB05D43003D97F4 /* DysKidTests */ = {
			isa = PBXNativeTarget;
			buildConfigurationList = 41F1B8FA2CB05D43003D97F4 /* Build configuration list for PBXNativeTarget "DysKidTests" */;
			buildPhases = (
				41F1B8DF2CB05D43003D97F4 /* Sources */,
				41F1B8E02CB05D43003D97F4 /* Frameworks */,
				41F1B8E12CB05D43003D97F4 /* Resources */,
			);
			buildRules = (
			);
			dependencies = (
				41F1B8E52CB05D43003D97F4 /* PBXTargetDependency */,
			);
			fileSystemSynchronizedGroups = (
				41F1B8E62CB05D43003D97F4 /* DysKidTests */,
			);
			name = DysKidTests;
			packageProductDependencies = (
			);
			productName = DysKidTests;
			productReference = 41F1B8E32CB05D43003D97F4 /* DysKidTests.xctest */;
			productType = "com.apple.product-type.bundle.unit-test";
		};
		41F1B8EC2CB05D43003D97F4 /* DysKidUITests */ = {
			isa = PBXNativeTarget;
			buildConfigurationList = 41F1B8FD2CB05D43003D97F4 /* Build configuration list for PBXNativeTarget "DysKidUITests" */;
			buildPhases = (
				41F1B8E92CB05D43003D97F4 /* Sources */,
				41F1B8EA2CB05D43003D97F4 /* Frameworks */,
				41F1B8EB2CB05D43003D97F4 /* Resources */,
			);
			buildRules = (
			);
			dependencies = (
				41F1B8EF2CB05D43003D97F4 /* PBXTargetDependency */,
			);
			fileSystemSynchronizedGroups = (
				41F1B8F02CB05D43003D97F4 /* DysKidUITests */,
			);
			name = DysKidUITests;
			packageProductDependencies = (
			);
			productName = DysKidUITests;
			productReference = 41F1B8ED2CB05D43003D97F4 /* DysKidUITests.xctest */;
			productType = "com.apple.product-type.bundle.ui-testing";
		};
/* End PBXNativeTarget section */

/* Begin PBXProject section */
		41F1B8CB2CB05D42003D97F4 /* Project object */ = {
			isa = PBXProject;
			attributes = {
				BuildIndependentTargetsInParallel = 1;
				LastSwiftUpdateCheck = 1600;
				LastUpgradeCheck = 1600;
				TargetAttributes = {
					41F1B8D22CB05D42003D97F4 = {
						CreatedOnToolsVersion = 16.0;
					};
					41F1B8E22CB05D43003D97F4 = {
						CreatedOnToolsVersion = 16.0;
						TestTargetID = 41F1B8D22CB05D42003D97F4;
					};
					41F1B8EC2CB05D43003D97F4 = {
						CreatedOnToolsVersion = 16.0;
						TestTargetID = 41F1B8D22CB05D42003D97F4;
					};
				};
			};
			buildConfigurationList = 41F1B8CE2CB05D42003D97F4 /* Build configuration list for PBXProject "DysKid" */;
			developmentRegion = en;
			hasScannedForEncodings = 0;
			knownRegions = (
				en,
				Base,
			);
			mainGroup = 41F1B8CA2CB05D42003D97F4;
			minimizedProjectReferenceProxies = 1;
			packageReferences = (
				41F1B9A52CB05F0B003D97F4 /* XCRemoteSwiftPackageReference "firebase-ios-sdk" */,
			);
			preferredProjectObjectVersion = 77;
			productRefGroup = 41F1B8D42CB05D42003D97F4 /* Products */;
			projectDirPath = "";
			projectRoot = "";
			targets = (
				41F1B8D22CB05D42003D97F4 /* DysKid */,
				41F1B8E22CB05D43003D97F4 /* DysKidTests */,
				41F1B8EC2CB05D43003D97F4 /* DysKidUITests */,
			);
		};
/* End PBXProject section */

/* Begin PBXResourcesBuildPhase section */
		41F1B8D12CB05D42003D97F4 /* Resources */ = {
			isa = PBXResourcesBuildPhase;
			buildActionMask = 2147483647;
			files = (
			);
			runOnlyForDeploymentPostprocessing = 0;
		};
		41F1B8E12CB05D43003D97F4 /* Resources */ = {
			isa = PBXResourcesBuildPhase;
			buildActionMask = 2147483647;
			files = (
			);
			runOnlyForDeploymentPostprocessing = 0;
		};
		41F1B8EB2CB05D43003D97F4 /* Resources */ = {
			isa = PBXResourcesBuildPhase;
			buildActionMask = 2147483647;
			files = (
			);
			runOnlyForDeploymentPostprocessing = 0;
		};
/* End PBXResourcesBuildPhase section */

/* Begin PBXSourcesBuildPhase section */
		41F1B8CF2CB05D42003D97F4 /* Sources */ = {
			isa = PBXSourcesBuildPhase;
			buildActionMask = 2147483647;
			files = (
			);
			runOnlyForDeploymentPostprocessing = 0;
		};
		41F1B8DF2CB05D43003D97F4 /* Sources */ = {
			isa = PBXSourcesBuildPhase;
			buildActionMask = 2147483647;
			files = (
			);
			runOnlyForDeploymentPostprocessing = 0;
		};
		41F1B8E92CB05D43003D97F4 /* Sources */ = {
			isa = PBXSourcesBuildPhase;
			buildActionMask = 2147483647;
			files = (
			);
			runOnlyForDeploymentPostprocessing = 0;
		};
/* End PBXSourcesBuildPhase section */

/* Begin PBXTargetDependency section */
		41F1B8E52CB05D43003D97F4 /* PBXTargetDependency */ = {
			isa = PBXTargetDependency;
			target = 41F1B8D22CB05D42003D97F4 /* DysKid */;
			targetProxy = 41F1B8E42CB05D43003D97F4 /* PBXContainerItemProxy */;
		};
		41F1B8EF2CB05D43003D97F4 /* PBXTargetDependency */ = {
			isa = PBXTargetDependency;
			target = 41F1B8D22CB05D42003D97F4 /* DysKid */;
			targetProxy = 41F1B8EE2CB05D43003D97F4 /* PBXContainerItemProxy */;
		};
/* End PBXTargetDependency section */

/* Begin XCBuildConfiguration section */
		41F1B8F52CB05D43003D97F4 /* Debug */ = {
			isa = XCBuildConfiguration;
			buildSettings = {
				ALWAYS_SEARCH_USER_PATHS = NO;
				ASSETCATALOG_COMPILER_GENERATE_SWIFT_ASSET_SYMBOL_EXTENSIONS = YES;
				CLANG_ANALYZER_NONNULL = YES;
				CLANG_ANALYZER_NUMBER_OBJECT_CONVERSION = YES_AGGRESSIVE;
				CLANG_CXX_LANGUAGE_STANDARD = "gnu++20";
				CLANG_ENABLE_MODULES = YES;
				CLANG_ENABLE_OBJC_ARC = YES;
				CLANG_ENABLE_OBJC_WEAK = YES;
				CLANG_WARN_BLOCK_CAPTURE_AUTORELEASING = YES;
				CLANG_WARN_BOOL_CONVERSION = YES;
				CLANG_WARN_COMMA = YES;
				CLANG_WARN_CONSTANT_CONVERSION = YES;
				CLANG_WARN_DEPRECATED_OBJC_IMPLEMENTATIONS = YES;
				CLANG_WARN_DIRECT_OBJC_ISA_USAGE = YES_ERROR;
				CLANG_WARN_DOCUMENTATION_COMMENTS = YES;
				CLANG_WARN_EMPTY_BODY = YES;
				CLANG_WARN_ENUM_CONVERSION = YES;
				CLANG_WARN_INFINITE_RECURSION = YES;
				CLANG_WARN_INT_CONVERSION = YES;
				CLANG_WARN_NON_LITERAL_NULL_CONVERSION = YES;
				CLANG_WARN_OBJC_IMPLICIT_RETAIN_SELF = YES;
				CLANG_WARN_OBJC_LITERAL_CONVERSION = YES;
				CLANG_WARN_OBJC_ROOT_CLASS = YES_ERROR;
				CLANG_WARN_QUOTED_INCLUDE_IN_FRAMEWORK_HEADER = YES;
				CLANG_WARN_RANGE_LOOP_ANALYSIS = YES;
				CLANG_WARN_STRICT_PROTOTYPES = YES;
				CLANG_WARN_SUSPICIOUS_MOVE = YES;
				CLANG_WARN_UNGUARDED_AVAILABILITY = YES_AGGRESSIVE;
				CLANG_WARN_UNREACHABLE_CODE = YES;
				CLANG_WARN__DUPLICATE_METHOD_MATCH = YES;
				COPY_PHASE_STRIP = NO;
				DEBUG_INFORMATION_FORMAT = dwarf;
				ENABLE_STRICT_OBJC_MSGSEND = YES;
				ENABLE_TESTABILITY = YES;
				ENABLE_USER_SCRIPT_SANDBOXING = YES;
				GCC_C_LANGUAGE_STANDARD = gnu17;
				GCC_DYNAMIC_NO_PIC = NO;
				GCC_NO_COMMON_BLOCKS = YES;
				GCC_OPTIMIZATION_LEVEL = 0;
				GCC_PREPROCESSOR_DEFINITIONS = (
					"DEBUG=1",
					"$(inherited)",
				);
				GCC_WARN_64_TO_32_BIT_CONVERSION = YES;
				GCC_WARN_ABOUT_RETURN_TYPE = YES_ERROR;
				GCC_WARN_UNDECLARED_SELECTOR = YES;
				GCC_WARN_UNINITIALIZED_AUTOS = YES_AGGRESSIVE;
				GCC_WARN_UNUSED_FUNCTION = YES;
				GCC_WARN_UNUSED_VARIABLE = YES;
				IPHONEOS_DEPLOYMENT_TARGET = 18.0;
				LOCALIZATION_PREFERS_STRING_CATALOGS = YES;
				MTL_ENABLE_DEBUG_INFO = INCLUDE_SOURCE;
				MTL_FAST_MATH = YES;
				ONLY_ACTIVE_ARCH = YES;
				SDKROOT = iphoneos;
				SWIFT_ACTIVE_COMPILATION_CONDITIONS = "DEBUG $(inherited)";
				SWIFT_OPTIMIZATION_LEVEL = "-Onone";
			};
			name = Debug;
		};
		41F1B8F62CB05D43003D97F4 /* Release */ = {
			isa = XCBuildConfiguration;
			buildSettings = {
				ALWAYS_SEARCH_USER_PATHS = NO;
				ASSETCATALOG_COMPILER_GENERATE_SWIFT_ASSET_SYMBOL_EXTENSIONS = YES;
				CLANG_ANALYZER_NONNULL = YES;
				CLANG_ANALYZER_NUMBER_OBJECT_CONVERSION = YES_AGGRESSIVE;
				CLANG_CXX_LANGUAGE_STANDARD = "gnu++20";
				CLANG_ENABLE_MODULES = YES;
				CLANG_ENABLE_OBJC_ARC = YES;
				CLANG_ENABLE_OBJC_WEAK = YES;
				CLANG_WARN_BLOCK_CAPTURE_AUTORELEASING = YES;
				CLANG_WARN_BOOL_CONVERSION = YES;
				CLANG_WARN_COMMA = YES;
				CLANG_WARN_CONSTANT_CONVERSION = YES;
				CLANG_WARN_DEPRECATED_OBJC_IMPLEMENTATIONS = YES;
				CLANG_WARN_DIRECT_OBJC_ISA_USAGE = YES_ERROR;
				CLANG_WARN_DOCUMENTATION_COMMENTS = YES;
				CLANG_WARN_EMPTY_BODY = YES;
				CLANG_WARN_ENUM_CONVERSION = YES;
				CLANG_WARN_INFINITE_RECURSION = YES;
				CLANG_WARN_INT_CONVERSION = YES;
				CLANG_WARN_NON_LITERAL_NULL_CONVERSION = YES;
				CLANG_WARN_OBJC_IMPLICIT_RETAIN_SELF = YES;
				CLANG_WARN_OBJC_LITERAL_CONVERSION = YES;
				CLANG_WARN_OBJC_ROOT_CLASS = YES_ERROR;
				CLANG_WARN_QUOTED_INCLUDE_IN_FRAMEWORK_HEADER = YES;
				CLANG_WARN_RANGE_LOOP_ANALYSIS = YES;
				CLANG_WARN_STRICT_PROTOTYPES = YES;
				CLANG_WARN_SUSPICIOUS_MOVE = YES;
				CLANG_WARN_UNGUARDED_AVAILABILITY = YES_AGGRESSIVE;
				CLANG_WARN_UNREACHABLE_CODE = YES;
				CLANG_WARN__DUPLICATE_METHOD_MATCH = YES;
				COPY_PHASE_STRIP = NO;
				DEBUG_INFORMATION_FORMAT = "dwarf-with-dsym";
				ENABLE_NS_ASSERTIONS = NO;
				ENABLE_STRICT_OBJC_MSGSEND = YES;
				ENABLE_USER_SCRIPT_SANDBOXING = YES;
				GCC_C_LANGUAGE_STANDARD = gnu17;
				GCC_NO_COMMON_BLOCKS = YES;
				GCC_WARN_64_TO_32_BIT_CONVERSION = YES;
				GCC_WARN_ABOUT_RETURN_TYPE = YES_ERROR;
				GCC_WARN_UNDECLARED_SELECTOR = YES;
				GCC_WARN_UNINITIALIZED_AUTOS = YES_AGGRESSIVE;
				GCC_WARN_UNUSED_FUNCTION = YES;
				GCC_WARN_UNUSED_VARIABLE = YES;
				IPHONEOS_DEPLOYMENT_TARGET = 18.0;
				LOCALIZATION_PREFERS_STRING_CATALOGS = YES;
				MTL_ENABLE_DEBUG_INFO = NO;
				MTL_FAST_MATH = YES;
				SDKROOT = iphoneos;
				SWIFT_COMPILATION_MODE = wholemodule;
				VALIDATE_PRODUCT = YES;
			};
			name = Release;
		};
		41F1B8F82CB05D43003D97F4 /* Debug */ = {
			isa = XCBuildConfiguration;
			buildSettings = {
				ASSETCATALOG_COMPILER_APPICON_NAME = AppIcon;
				ASSETCATALOG_COMPILER_GLOBAL_ACCENT_COLOR_NAME = AccentColor;
				CODE_SIGN_STYLE = Automatic;
				CURRENT_PROJECT_VERSION = 1;
				DEVELOPMENT_ASSET_PATHS = "\"DysKid/Preview Content\"";
				DEVELOPMENT_TEAM = WPPF9Y8987;
				ENABLE_PREVIEWS = YES;
				GENERATE_INFOPLIST_FILE = YES;
				INFOPLIST_FILE = DysKid/Info.plist;
				INFOPLIST_KEY_UIApplicationSceneManifest_Generation = YES;
				INFOPLIST_KEY_UIApplicationSupportsIndirectInputEvents = YES;
				INFOPLIST_KEY_UILaunchScreen_Generation = YES;
				INFOPLIST_KEY_UISupportedInterfaceOrientations_iPad = "UIInterfaceOrientationPortrait UIInterfaceOrientationPortraitUpsideDown UIInterfaceOrientationLandscapeLeft UIInterfaceOrientationLandscapeRight";
				INFOPLIST_KEY_UISupportedInterfaceOrientations_iPhone = "UIInterfaceOrientationPortrait UIInterfaceOrientationLandscapeLeft UIInterfaceOrientationLandscapeRight";
				LD_RUNPATH_SEARCH_PATHS = (
					"$(inherited)",
					"@executable_path/Frameworks",
				);
				MARKETING_VERSION = 1.0;
				PRODUCT_BUNDLE_IDENTIFIER = com.mehmetalibunsuz.DysKid;
				PRODUCT_NAME = "$(TARGET_NAME)";
				SWIFT_EMIT_LOC_STRINGS = YES;
				SWIFT_VERSION = 5.0;
				TARGETED_DEVICE_FAMILY = "1,2";
			};
			name = Debug;
		};
		41F1B8F92CB05D43003D97F4 /* Release */ = {
			isa = XCBuildConfiguration;
			buildSettings = {
				ASSETCATALOG_COMPILER_APPICON_NAME = AppIcon;
				ASSETCATALOG_COMPILER_GLOBAL_ACCENT_COLOR_NAME = AccentColor;
				CODE_SIGN_STYLE = Automatic;
				CURRENT_PROJECT_VERSION = 1;
				DEVELOPMENT_ASSET_PATHS = "\"DysKid/Preview Content\"";
				DEVELOPMENT_TEAM = WPPF9Y8987;
				ENABLE_PREVIEWS = YES;
				GENERATE_INFOPLIST_FILE = YES;
				INFOPLIST_FILE = DysKid/Info.plist;
				INFOPLIST_KEY_UIApplicationSceneManifest_Generation = YES;
				INFOPLIST_KEY_UIApplicationSupportsIndirectInputEvents = YES;
				INFOPLIST_KEY_UILaunchScreen_Generation = YES;
				INFOPLIST_KEY_UISupportedInterfaceOrientations_iPad = "UIInterfaceOrientationPortrait UIInterfaceOrientationPortraitUpsideDown UIInterfaceOrientationLandscapeLeft UIInterfaceOrientationLandscapeRight";
				INFOPLIST_KEY_UISupportedInterfaceOrientations_iPhone = "UIInterfaceOrientationPortrait UIInterfaceOrientationLandscapeLeft UIInterfaceOrientationLandscapeRight";
				LD_RUNPATH_SEARCH_PATHS = (
					"$(inherited)",
					"@executable_path/Frameworks",
				);
				MARKETING_VERSION = 1.0;
				PRODUCT_BUNDLE_IDENTIFIER = com.mehmetalibunsuz.DysKid;
				PRODUCT_NAME = "$(TARGET_NAME)";
				SWIFT_EMIT_LOC_STRINGS = YES;
				SWIFT_VERSION = 5.0;
				TARGETED_DEVICE_FAMILY = "1,2";
			};
			name = Release;
		};
		41F1B8FB2CB05D43003D97F4 /* Debug */ = {
			isa = XCBuildConfiguration;
			buildSettings = {
				BUNDLE_LOADER = "$(TEST_HOST)";
				CODE_SIGN_STYLE = Automatic;
				CURRENT_PROJECT_VERSION = 1;
				DEVELOPMENT_TEAM = WPPF9Y8987;
				GENERATE_INFOPLIST_FILE = YES;
				IPHONEOS_DEPLOYMENT_TARGET = 18.0;
				MARKETING_VERSION = 1.0;
				PRODUCT_BUNDLE_IDENTIFIER = com.mehmetalibunsuz.DysKidTests;
				PRODUCT_NAME = "$(TARGET_NAME)";
				SWIFT_EMIT_LOC_STRINGS = NO;
				SWIFT_VERSION = 5.0;
				TARGETED_DEVICE_FAMILY = "1,2";
				TEST_HOST = "$(BUILT_PRODUCTS_DIR)/DysKid.app/$(BUNDLE_EXECUTABLE_FOLDER_PATH)/DysKid";
			};
			name = Debug;
		};
		41F1B8FC2CB05D43003D97F4 /* Release */ = {
			isa = XCBuildConfiguration;
			buildSettings = {
				BUNDLE_LOADER = "$(TEST_HOST)";
				CODE_SIGN_STYLE = Automatic;
				CURRENT_PROJECT_VERSION = 1;
				DEVELOPMENT_TEAM = WPPF9Y8987;
				GENERATE_INFOPLIST_FILE = YES;
				IPHONEOS_DEPLOYMENT_TARGET = 18.0;
				MARKETING_VERSION = 1.0;
				PRODUCT_BUNDLE_IDENTIFIER = com.mehmetalibunsuz.DysKidTests;
				PRODUCT_NAME = "$(TARGET_NAME)";
				SWIFT_EMIT_LOC_STRINGS = NO;
				SWIFT_VERSION = 5.0;
				TARGETED_DEVICE_FAMILY = "1,2";
				TEST_HOST = "$(BUILT_PRODUCTS_DIR)/DysKid.app/$(BUNDLE_EXECUTABLE_FOLDER_PATH)/DysKid";
			};
			name = Release;
		};
		41F1B8FE2CB05D43003D97F4 /* Debug */ = {
			isa = XCBuildConfiguration;
			buildSettings = {
				CODE_SIGN_STYLE = Automatic;
				CURRENT_PROJECT_VERSION = 1;
				DEVELOPMENT_TEAM = WPPF9Y8987;
				GENERATE_INFOPLIST_FILE = YES;
				MARKETING_VERSION = 1.0;
				PRODUCT_BUNDLE_IDENTIFIER = com.mehmetalibunsuz.DysKidUITests;
				PRODUCT_NAME = "$(TARGET_NAME)";
				SWIFT_EMIT_LOC_STRINGS = NO;
				SWIFT_VERSION = 5.0;
				TARGETED_DEVICE_FAMILY = "1,2";
				TEST_TARGET_NAME = DysKid;
			};
			name = Debug;
		};
		41F1B8FF2CB05D43003D97F4 /* Release */ = {
			isa = XCBuildConfiguration;
			buildSettings = {
				CODE_SIGN_STYLE = Automatic;
				CURRENT_PROJECT_VERSION = 1;
				DEVELOPMENT_TEAM = WPPF9Y8987;
				GENERATE_INFOPLIST_FILE = YES;
				MARKETING_VERSION = 1.0;
				PRODUCT_BUNDLE_IDENTIFIER = com.mehmetalibunsuz.DysKidUITests;
				PRODUCT_NAME = "$(TARGET_NAME)";
				SWIFT_EMIT_LOC_STRINGS = NO;
				SWIFT_VERSION = 5.0;
				TARGETED_DEVICE_FAMILY = "1,2";
				TEST_TARGET_NAME = DysKid;
			};
			name = Release;
		};
/* End XCBuildConfiguration section */

/* Begin XCConfigurationList section */
		41F1B8CE2CB05D42003D97F4 /* Build configuration list for PBXProject "DysKid" */ = {
			isa = XCConfigurationList;
			buildConfigurations = (
				41F1B8F52CB05D43003D97F4 /* Debug */,
				41F1B8F62CB05D43003D97F4 /* Release */,
			);
			defaultConfigurationIsVisible = 0;
			defaultConfigurationName = Release;
		};
		41F1B8F72CB05D43003D97F4 /* Build configuration list for PBXNativeTarget "DysKid" */ = {
			isa = XCConfigurationList;
			buildConfigurations = (
				41F1B8F82CB05D43003D97F4 /* Debug */,
				41F1B8F92CB05D43003D97F4 /* Release */,
			);
			defaultConfigurationIsVisible = 0;
			defaultConfigurationName = Release;
		};
		41F1B8FA2CB05D43003D97F4 /* Build configuration list for PBXNativeTarget "DysKidTests" */ = {
			isa = XCConfigurationList;
			buildConfigurations = (
				41F1B8FB2CB05D43003D97F4 /* Debug */,
				41F1B8FC2CB05D43003D97F4 /* Release */,
			);
			defaultConfigurationIsVisible = 0;
			defaultConfigurationName = Release;
		};
		41F1B8FD2CB05D43003D97F4 /* Build configuration list for PBXNativeTarget "DysKidUITests" */ = {
			isa = XCConfigurationList;
			buildConfigurations = (
				41F1B8FE2CB05D43003D97F4 /* Debug */,
				41F1B8FF2CB05D43003D97F4 /* Release */,
			);
			defaultConfigurationIsVisible = 0;
			defaultConfigurationName = Release;
		};
/* End XCConfigurationList section */

/* Begin XCRemoteSwiftPackageReference section */
		41F1B9A52CB05F0B003D97F4 /* XCRemoteSwiftPackageReference "firebase-ios-sdk" */ = {
			isa = XCRemoteSwiftPackageReference;
			repositoryURL = "https://github.com/firebase/firebase-ios-sdk.git";
			requirement = {
				kind = upToNextMajorVersion;
				minimumVersion = 11.3.0;
			};
		};
/* End XCRemoteSwiftPackageReference section */

/* Begin XCSwiftPackageProductDependency section */
		41F1B9A62CB05F0B003D97F4 /* FirebaseAnalytics */ = {
			isa = XCSwiftPackageProductDependency;
			package = 41F1B9A52CB05F0B003D97F4 /* XCRemoteSwiftPackageReference "firebase-ios-sdk" */;
			productName = FirebaseAnalytics;
		};
		41F1B9A82CB05F0B003D97F4 /* FirebaseAnalyticsOnDeviceConversion */ = {
			isa = XCSwiftPackageProductDependency;
			package = 41F1B9A52CB05F0B003D97F4 /* XCRemoteSwiftPackageReference "firebase-ios-sdk" */;
			productName = FirebaseAnalyticsOnDeviceConversion;
		};
		41F1B9AA2CB05F0B003D97F4 /* FirebaseAnalyticsWithoutAdIdSupport */ = {
			isa = XCSwiftPackageProductDependency;
			package = 41F1B9A52CB05F0B003D97F4 /* XCRemoteSwiftPackageReference "firebase-ios-sdk" */;
			productName = FirebaseAnalyticsWithoutAdIdSupport;
		};
		41F1B9AC2CB05F0B003D97F4 /* FirebaseAppCheck */ = {
			isa = XCSwiftPackageProductDependency;
			package = 41F1B9A52CB05F0B003D97F4 /* XCRemoteSwiftPackageReference "firebase-ios-sdk" */;
			productName = FirebaseAppCheck;
		};
		41F1B9AE2CB05F0B003D97F4 /* FirebaseAuth */ = {
			isa = XCSwiftPackageProductDependency;
			package = 41F1B9A52CB05F0B003D97F4 /* XCRemoteSwiftPackageReference "firebase-ios-sdk" */;
			productName = FirebaseAuth;
		};
		41F1B9B02CB05F0B003D97F4 /* FirebaseAuthCombine-Community */ = {
			isa = XCSwiftPackageProductDependency;
			package = 41F1B9A52CB05F0B003D97F4 /* XCRemoteSwiftPackageReference "firebase-ios-sdk" */;
			productName = "FirebaseAuthCombine-Community";
		};
		41F1B9B22CB05F0B003D97F4 /* FirebaseCore */ = {
			isa = XCSwiftPackageProductDependency;
			package = 41F1B9A52CB05F0B003D97F4 /* XCRemoteSwiftPackageReference "firebase-ios-sdk" */;
			productName = FirebaseCore;
		};
		41F1B9B42CB05F0B003D97F4 /* FirebaseFirestore */ = {
			isa = XCSwiftPackageProductDependency;
			package = 41F1B9A52CB05F0B003D97F4 /* XCRemoteSwiftPackageReference "firebase-ios-sdk" */;
			productName = FirebaseFirestore;
		};
		41F1B9B62CB05F0B003D97F4 /* FirebaseFirestoreCombine-Community */ = {
			isa = XCSwiftPackageProductDependency;
			package = 41F1B9A52CB05F0B003D97F4 /* XCRemoteSwiftPackageReference "firebase-ios-sdk" */;
			productName = "FirebaseFirestoreCombine-Community";
		};
		41F1B9B82CB05F0B003D97F4 /* FirebaseStorage */ = {
			isa = XCSwiftPackageProductDependency;
			package = 41F1B9A52CB05F0B003D97F4 /* XCRemoteSwiftPackageReference "firebase-ios-sdk" */;
			productName = FirebaseStorage;
		};
		41F1B9BA2CB05F0B003D97F4 /* FirebaseStorageCombine-Community */ = {
			isa = XCSwiftPackageProductDependency;
			package = 41F1B9A52CB05F0B003D97F4 /* XCRemoteSwiftPackageReference "firebase-ios-sdk" */;
			productName = "FirebaseStorageCombine-Community";
		};
/* End XCSwiftPackageProductDependency section */
	};
	rootObject = 41F1B8CB2CB05D42003D97F4 /* Project object */;
}
